[[package]]
name = "click"
version = "8.1.3"
description = "Composable command line interface toolkit"
category = "main"
optional = false
python-versions = ">=3.7"

[package.dependencies]
colorama = {version = "*", markers = "platform_system == \"Windows\""}

[[package]]
name = "colorama"
version = "0.4.6"
description = "Cross-platform colored terminal text."
category = "main"
optional = false
python-versions = "!=3.0.*,!=3.1.*,!=3.2.*,!=3.3.*,!=3.4.*,!=3.5.*,!=3.6.*,>=2.7"

[[package]]
name = "pygments"
version = "2.13.0"
description = "Pygments is a syntax highlighting package written in Python."
category = "main"
optional = false
python-versions = ">=3.6"

[package.extras]
plugins = ["importlib-metadata"]

[[package]]
name = "raidtoolkit"
version = "0.1.0"
description = "Client for RaidToolkit API access"
category = "main"
optional = false
python-versions = ">=3.6"

[[package]]
name = "tabulate"
version = "0.9.0"
description = "Pretty-print tabular data"
category = "main"
optional = false
python-versions = ">=3.7"

[package.extras]
widechars = ["wcwidth"]

[metadata]
lock-version = "1.1"
python-versions = "^3.10"
content-hash = "fcc085948e7a158e83b1e1dc78d2086287684292ee2a4d803589f964a89bac2d"

[metadata.files]
click = [
    {file = "click-8.1.3-py3-none-any.whl", hash = "sha256:bb4d8133cb15a609f44e8213d9b391b0809795062913b383c62be0ee95b1db48"},
    {file = "click-8.1.3.tar.gz", hash = "sha256:7682dc8afb30297001674575ea00d1814d808d6a36af415a82bd481d37ba7b8e"},
]
colorama = [
    {file = "colorama-0.4.6-py2.py3-none-any.whl", hash = "sha256:4f1d9991f5acc0ca119f9d443620b77f9d6b33703e51011c16baf57afb285fc6"},
    {file = "colorama-0.4.6.tar.gz", hash = "sha256:08695f5cb7ed6e0531a20572697297273c47b8cae5a63ffc6d6ed5c201be6e44"},
]
pygments = [
    {file = "Pygments-2.13.0-py3-none-any.whl", hash = "sha256:f643f331ab57ba3c9d89212ee4a2dabc6e94f117cf4eefde99a0574720d14c42"},
    {file = "Pygments-2.13.0.tar.gz", hash = "sha256:56a8508ae95f98e2b9bdf93a6be5ae3f7d8af858b43e02c5a2ff083726be40c1"},
]
raidtoolkit = [
    {file = "raidtoolkit-0.1.0-py3-none-any.whl", hash = "sha256:08742c7471568b0196ff9a67aecd094697ad45c0d695e5531ecf9083146f7dd4"},
    {file = "raidtoolkit-0.1.0.tar.gz", hash = "sha256:c85194cd3ed557f5285278e992eda152a9b7be3fe120097ceca8dccdb57d93d9"},
]
tabulate = [
    {file = "tabulate-0.9.0-py3-none-any.whl", hash = "sha256:024ca478df22e9340661486f85298cff5f6dcdba14f3813e8830015b9ed1948f"},
    {file = "tabulate-0.9.0.tar.gz", hash = "sha256:0095b12bf5966de529c0feb1fa08671671b3368eec77d7ef7ab114be2c068b3c"},
]
